{
  "name": "tut1",
  "version": "1.0.0",
  "lockfileVersion": 1,
  "requires": true,
  "dependencies": {
    "slugify": {
      "version": "1.4.4",
      "resolved": "https://registry.npmjs.org/slugify/-/slugify-1.4.4.tgz",
      "integrity": "sha512-N2+9NJ8JzfRMh6PQLrBeDEnVDQZSytE/W4BTC4fNNPmO90Uu58uNwSlIJSs+lmPgWsaAF79WLhVPe5tuy7spjw=="
    }
  }
}
